
Microsoft Visual Studio Solution File, Format Version 12.00
# Visual Studio Version 16
VisualStudioVersion = 16.0.30621.155
MinimumVisualStudioVersion = 10.0.40219.1
Project("{FAE04EC0-301F-11D3-BF4B-00C04F79EFBC}") = "WindowsFormsApp1", "WindowsFormsApp1\WindowsFormsApp1.csproj", "{4A620886-F769-4357-91CB-CE1A6896F6C2}"
EndProject
Project("{2150E333-8FDC-42A3-9474-1A3956D46DE8}") = "img", "img", "{17A4214E-A4BB-4231-B565-27725AE99311}"
EndProject
Global
	GlobalSection(SolutionConfigurationPlatforms) = preSolution
		Debug|Any CPU = Debug|Any CPU
		Release|Any CPU = Release|Any CPU
	EndGlobalSection
	GlobalSection(ProjectConfigurationPlatforms) = postSolution
		{4A620886-F769-4357-91CB-CE1A6896F6C2}.Debug|Any CPU.ActiveCfg = Debug|Any CPU
		{4A620886-F769-4357-91CB-CE1A6896F6C2}.Debug|Any CPU.Build.0 = Debug|Any CPU
		{4A620886-F769-4357-91CB-CE1A6896F6C2}.Release|Any CPU.ActiveCfg = Release|Any CPU
		{4A620886-F769-4357-91CB-CE1A6896F6C2}.Release|Any CPU.Build.0 = Release|Any CPU
	EndGlobalSection
	GlobalSection(SolutionProperties) = preSolution
		HideSolutionNode = FALSE
	EndGlobalSection
	GlobalSection(ExtensibilityGlobals) = postSolution
		SolutionGuid = {B8FEE868-8178-482B-9A13-79424A12AD5B}
	EndGlobalSection
EndGlobal
